
Microsoft Visual Studio Solution File, Format Version 12.00
# Visual Studio Version 16
VisualStudioVersion = 16.0.31424.327
MinimumVisualStudioVersion = 10.0.40219.1
Project("{FAE04EC0-301F-11D3-BF4B-00C04F79EFBC}") = "NetCoreBlazorApp", "NetCoreBlazorApp\NetCoreBlazorApp.csproj", "{53A91C9D-E726-481A-927E-606B4BCD196D}"
EndProject
Global
	GlobalSection(SolutionConfigurationPlatforms) = preSolution
		Debug|Any CPU = Debug|Any CPU
		Release|Any CPU = Release|Any CPU
	EndGlobalSection
	GlobalSection(ProjectConfigurationPlatforms) = postSolution
		{53A91C9D-E726-481A-927E-606B4BCD196D}.Debug|Any CPU.ActiveCfg = Debug|Any CPU
		{53A91C9D-E726-481A-927E-606B4BCD196D}.Debug|Any CPU.Build.0 = Debug|Any CPU
		{53A91C9D-E726-481A-927E-606B4BCD196D}.Release|Any CPU.ActiveCfg = Release|Any CPU
		{53A91C9D-E726-481A-927E-606B4BCD196D}.Release|Any CPU.Build.0 = Release|Any CPU
	EndGlobalSection
	GlobalSection(SolutionProperties) = preSolution
		HideSolutionNode = FALSE
	EndGlobalSection
	GlobalSection(ExtensibilityGlobals) = postSolution
		SolutionGuid = {EB96BC1C-3872-4F52-86FE-E7A488CDF4FA}
	EndGlobalSection
EndGlobal
